
Microsoft Visual Studio Solution File, Format Version 12.00
# Visual Studio Version 16
VisualStudioVersion = 16.0.30717.126
MinimumVisualStudioVersion = 10.0.40219.1
Project("{9A19103F-16F7-4668-BE54-9A1E7A4F7556}") = "LowCodeAspNetCore", "LowCodeAspNetCore.csproj", "{14B6EB92-2779-424B-8CCB-17A3586374B2}"
EndProject
Project("{9A19103F-16F7-4668-BE54-9A1E7A4F7556}") = "LowCode.AdaptiveCards", "..\..\src\LowCode.AdaptiveCards\LowCode.AdaptiveCards.csproj", "{FDD8A4E5-F9E8-45BC-A66D-1025F15866DD}"
EndProject
Global
	GlobalSection(SolutionConfigurationPlatforms) = preSolution
		Debug|Any CPU = Debug|Any CPU
		Release|Any CPU = Release|Any CPU
	EndGlobalSection
	GlobalSection(ProjectConfigurationPlatforms) = postSolution
		{14B6EB92-2779-424B-8CCB-17A3586374B2}.Debug|Any CPU.ActiveCfg = Debug|Any CPU
		{14B6EB92-2779-424B-8CCB-17A3586374B2}.Debug|Any CPU.Build.0 = Debug|Any CPU
		{14B6EB92-2779-424B-8CCB-17A3586374B2}.Release|Any CPU.ActiveCfg = Release|Any CPU
		{14B6EB92-2779-424B-8CCB-17A3586374B2}.Release|Any CPU.Build.0 = Release|Any CPU
		{FDD8A4E5-F9E8-45BC-A66D-1025F15866DD}.Debug|Any CPU.ActiveCfg = Debug|Any CPU
		{FDD8A4E5-F9E8-45BC-A66D-1025F15866DD}.Debug|Any CPU.Build.0 = Debug|Any CPU
		{FDD8A4E5-F9E8-45BC-A66D-1025F15866DD}.Release|Any CPU.ActiveCfg = Release|Any CPU
		{FDD8A4E5-F9E8-45BC-A66D-1025F15866DD}.Release|Any CPU.Build.0 = Release|Any CPU
	EndGlobalSection
	GlobalSection(SolutionProperties) = preSolution
		HideSolutionNode = FALSE
	EndGlobalSection
	GlobalSection(ExtensibilityGlobals) = postSolution
		SolutionGuid = {460BA695-0534-442A-B243-BD92911ABEEF}
	EndGlobalSection
EndGlobal
